{
  "version": 4,
  "terraform_version": "1.0.8",
  "serial": 29,
  "lineage": "0d0974f1-c13f-c52f-cb89-0585699e4f56",
  "outputs": {},
  "resources": [
    {
      "mode": "managed",
      "type": "aws_iam_group",
      "name": "group",
      "provider": "provider[\"registry.terraform.io/hashicorp/aws\"]",
      "instances": [
        {
          "index_key": "Team1",
          "schema_version": 0,
          "attributes": {
            "arn": "arn:aws:iam::607644936614:group/Team1",
            "id": "Team1",
            "name": "Team1",
            "path": "/",
            "unique_id": "AGPAY26TV5GTGQ7RZ33AF"
          },
          "sensitive_attributes": [],
          "private": "bnVsbA=="
        },
        {
          "index_key": "Team2",
          "schema_version": 0,
          "attributes": {
            "arn": "arn:aws:iam::607644936614:group/Team2",
            "id": "Team2",
            "name": "Team2",
            "path": "/",
            "unique_id": "AGPAY26TV5GTJ5S4UJ6JG"
          },
          "sensitive_attributes": [],
          "private": "bnVsbA=="
        },
        {
          "index_key": "Team3",
          "schema_version": 0,
          "attributes": {
            "arn": "arn:aws:iam::607644936614:group/Team3",
            "id": "Team3",
            "name": "Team3",
            "path": "/",
            "unique_id": "AGPAY26TV5GTCXLFDWIGL"
          },
          "sensitive_attributes": [],
          "private": "bnVsbA=="
        },
        {
          "index_key": "Team4",
          "schema_version": 0,
          "attributes": {
            "arn": "arn:aws:iam::607644936614:group/Team4",
            "id": "Team4",
            "name": "Team4",
            "path": "/",
            "unique_id": "AGPAY26TV5GTAMUXPFNXF"
          },
          "sensitive_attributes": [],
          "private": "bnVsbA=="
        },
        {
          "index_key": "Team5",
          "schema_version": 0,
          "attributes": {
            "arn": "arn:aws:iam::607644936614:group/Team5",
            "id": "Team5",
            "name": "Team5",
            "path": "/",
            "unique_id": "AGPAY26TV5GTCKKOAQ7QP"
          },
          "sensitive_attributes": [],
          "private": "bnVsbA=="
        },
        {
          "index_key": "Team6",
          "schema_version": 0,
          "attributes": {
            "arn": "arn:aws:iam::607644936614:group/Team6",
            "id": "Team6",
            "name": "Team6",
            "path": "/",
            "unique_id": "AGPAY26TV5GTICDDJYWAN"
          },
          "sensitive_attributes": [],
          "private": "bnVsbA=="
        }
      ]
    },
    {
      "mode": "managed",
      "type": "aws_iam_group_membership",
      "name": "membership",
      "provider": "provider[\"registry.terraform.io/hashicorp/aws\"]",
      "instances": [
        {
          "index_key": "Team1",
          "schema_version": 0,
          "attributes": {
            "group": "Team1",
            "id": "Team1",
            "name": "Team1",
            "users": [
              "User1",
              "User10",
              "User2",
              "User3",
              "User5",
              "User6",
              "User7",
              "User8",
              "User9"
            ]
          },
          "sensitive_attributes": [],
          "private": "bnVsbA==",
          "dependencies": [
            "aws_iam_group.group",
            "aws_iam_user.user"
          ]
        },
        {
          "index_key": "Team2",
          "schema_version": 0,
          "attributes": {
            "group": "Team2",
            "id": "Team2",
            "name": "Team2",
            "users": [
              "User1",
              "User10",
              "User2",
              "User3",
              "User4",
              "User6",
              "User7",
              "User8",
              "User9"
            ]
          },
          "sensitive_attributes": [],
          "private": "bnVsbA==",
          "dependencies": [
            "aws_iam_group.group",
            "aws_iam_user.user"
          ]
        },
        {
          "index_key": "Team3",
          "schema_version": 0,
          "attributes": {
            "group": "Team3",
            "id": "Team3",
            "name": "Team3",
            "users": [
              "User1",
              "User2",
              "User3",
              "User4",
              "User5",
              "User6",
              "User7"
            ]
          },
          "sensitive_attributes": [],
          "private": "bnVsbA==",
          "dependencies": [
            "aws_iam_group.group",
            "aws_iam_user.user"
          ]
        },
        {
          "index_key": "Team4",
          "schema_version": 0,
          "attributes": {
            "group": "Team4",
            "id": "Team4",
            "name": "Team4",
            "users": [
              "User1",
              "User10",
              "User2",
              "User3",
              "User4",
              "User5",
              "User6",
              "User7",
              "User8",
              "User9"
            ]
          },
          "sensitive_attributes": [],
          "private": "bnVsbA==",
          "dependencies": [
            "aws_iam_group.group",
            "aws_iam_user.user"
          ]
        },
        {
          "index_key": "Team5",
          "schema_version": 0,
          "attributes": {
            "group": "Team5",
            "id": "Team5",
            "name": "Team5",
            "users": [
              "User1",
              "User10",
              "User2",
              "User3",
              "User4",
              "User6",
              "User7",
              "User8",
              "User9"
            ]
          },
          "sensitive_attributes": [],
          "private": "bnVsbA==",
          "dependencies": [
            "aws_iam_group.group",
            "aws_iam_user.user"
          ]
        },
        {
          "index_key": "Team6",
          "schema_version": 0,
          "attributes": {
            "group": "Team6",
            "id": "Team6",
            "name": "Team6",
            "users": [
              "User1",
              "User10",
              "User2",
              "User3",
              "User4",
              "User5",
              "User7",
              "User8",
              "User9"
            ]
          },
          "sensitive_attributes": [],
          "private": "bnVsbA==",
          "dependencies": [
            "aws_iam_group.group",
            "aws_iam_user.user"
          ]
        }
      ]
    },
    {
      "mode": "managed",
      "type": "aws_iam_user",
      "name": "user",
      "provider": "provider[\"registry.terraform.io/hashicorp/aws\"]",
      "instances": [
        {
          "index_key": "User1",
          "schema_version": 0,
          "attributes": {
            "arn": "arn:aws:iam::607644936614:user/User1",
            "force_destroy": false,
            "id": "User1",
            "name": "User1",
            "path": "/",
            "permissions_boundary": null,
            "tags": null,
            "tags_all": {},
            "unique_id": "AIDAY26TV5GTOX72XRDI6"
          },
          "sensitive_attributes": [],
          "private": "bnVsbA=="
        },
        {
          "index_key": "User10",
          "schema_version": 0,
          "attributes": {
            "arn": "arn:aws:iam::607644936614:user/User10",
            "force_destroy": false,
            "id": "User10",
            "name": "User10",
            "path": "/",
            "permissions_boundary": null,
            "tags": null,
            "tags_all": {},
            "unique_id": "AIDAY26TV5GTOLYR4Q274"
          },
          "sensitive_attributes": [],
          "private": "bnVsbA=="
        },
        {
          "index_key": "User2",
          "schema_version": 0,
          "attributes": {
            "arn": "arn:aws:iam::607644936614:user/User2",
            "force_destroy": false,
            "id": "User2",
            "name": "User2",
            "path": "/",
            "permissions_boundary": null,
            "tags": null,
            "tags_all": {},
            "unique_id": "AIDAY26TV5GTOMZETEIMK"
          },
          "sensitive_attributes": [],
          "private": "bnVsbA=="
        },
        {
          "index_key": "User3",
          "schema_version": 0,
          "attributes": {
            "arn": "arn:aws:iam::607644936614:user/User3",
            "force_destroy": false,
            "id": "User3",
            "name": "User3",
            "path": "/",
            "permissions_boundary": null,
            "tags": null,
            "tags_all": {},
            "unique_id": "AIDAY26TV5GTF4DPJ6UM7"
          },
          "sensitive_attributes": [],
          "private": "bnVsbA=="
        },
        {
          "index_key": "User4",
          "schema_version": 0,
          "attributes": {
            "arn": "arn:aws:iam::607644936614:user/User4",
            "force_destroy": false,
            "id": "User4",
            "name": "User4",
            "path": "/",
            "permissions_boundary": null,
            "tags": null,
            "tags_all": {},
            "unique_id": "AIDAY26TV5GTIVZH53JP5"
          },
          "sensitive_attributes": [],
          "private": "bnVsbA=="
        },
        {
          "index_key": "User5",
          "schema_version": 0,
          "attributes": {
            "arn": "arn:aws:iam::607644936614:user/User5",
            "force_destroy": false,
            "id": "User5",
            "name": "User5",
            "path": "/",
            "permissions_boundary": null,
            "tags": null,
            "tags_all": {},
            "unique_id": "AIDAY26TV5GTPFVDRBWR3"
          },
          "sensitive_attributes": [],
          "private": "bnVsbA=="
        },
        {
          "index_key": "User6",
          "schema_version": 0,
          "attributes": {
            "arn": "arn:aws:iam::607644936614:user/User6",
            "force_destroy": false,
            "id": "User6",
            "name": "User6",
            "path": "/",
            "permissions_boundary": null,
            "tags": null,
            "tags_all": {},
            "unique_id": "AIDAY26TV5GTBO5P7VGPF"
          },
          "sensitive_attributes": [],
          "private": "bnVsbA=="
        },
        {
          "index_key": "User7",
          "schema_version": 0,
          "attributes": {
            "arn": "arn:aws:iam::607644936614:user/User7",
            "force_destroy": false,
            "id": "User7",
            "name": "User7",
            "path": "/",
            "permissions_boundary": null,
            "tags": null,
            "tags_all": {},
            "unique_id": "AIDAY26TV5GTFT7CZPDG5"
          },
          "sensitive_attributes": [],
          "private": "bnVsbA=="
        },
        {
          "index_key": "User8",
          "schema_version": 0,
          "attributes": {
            "arn": "arn:aws:iam::607644936614:user/User8",
            "force_destroy": false,
            "id": "User8",
            "name": "User8",
            "path": "/",
            "permissions_boundary": null,
            "tags": null,
            "tags_all": {},
            "unique_id": "AIDAY26TV5GTMV5SUCHKU"
          },
          "sensitive_attributes": [],
          "private": "bnVsbA=="
        },
        {
          "index_key": "User9",
          "schema_version": 0,
          "attributes": {
            "arn": "arn:aws:iam::607644936614:user/User9",
            "force_destroy": false,
            "id": "User9",
            "name": "User9",
            "path": "/",
            "permissions_boundary": null,
            "tags": null,
            "tags_all": {},
            "unique_id": "AIDAY26TV5GTHUYPEJIUV"
          },
          "sensitive_attributes": [],
          "private": "bnVsbA=="
        }
      ]
    },
    {
      "mode": "managed",
      "type": "aws_iam_user_policy",
      "name": "maintainer",
      "provider": "provider[\"registry.terraform.io/hashicorp/aws\"]",
      "instances": [
        {
          "index_key": "Team1",
          "schema_version": 0,
          "attributes": {
            "id": "User2:Team1",
            "name": "Team1",
            "name_prefix": null,
            "policy": "{\"Statement\":[{\"Action\":[\"ec2:Describe*\"],\"Effect\":\"Allow\",\"Resource\":\"*\"}],\"Version\":\"2012-10-17\"}",
            "user": "User2"
          },
          "sensitive_attributes": [],
          "private": "bnVsbA==",
          "dependencies": [
            "aws_iam_user.user"
          ]
        },
        {
          "index_key": "Team2",
          "schema_version": 0,
          "attributes": {
            "id": "User1:Team2",
            "name": "Team2",
            "name_prefix": null,
            "policy": "{\"Statement\":[{\"Action\":[\"ec2:Describe*\"],\"Effect\":\"Allow\",\"Resource\":\"*\"}],\"Version\":\"2012-10-17\"}",
            "user": "User1"
          },
          "sensitive_attributes": [],
          "private": "bnVsbA==",
          "dependencies": [
            "aws_iam_user.user"
          ]
        },
        {
          "index_key": "Team3",
          "schema_version": 0,
          "attributes": {
            "id": "User3:Team3",
            "name": "Team3",
            "name_prefix": null,
            "policy": "{\"Statement\":[{\"Action\":[\"ec2:Describe*\"],\"Effect\":\"Allow\",\"Resource\":\"*\"}],\"Version\":\"2012-10-17\"}",
            "user": "User3"
          },
          "sensitive_attributes": [],
          "private": "bnVsbA==",
          "dependencies": [
            "aws_iam_user.user"
          ]
        },
        {
          "index_key": "Team4",
          "schema_version": 0,
          "attributes": {
            "id": "User2:Team4",
            "name": "Team4",
            "name_prefix": null,
            "policy": "{\"Statement\":[{\"Action\":[\"ec2:Describe*\"],\"Effect\":\"Allow\",\"Resource\":\"*\"}],\"Version\":\"2012-10-17\"}",
            "user": "User2"
          },
          "sensitive_attributes": [],
          "private": "bnVsbA==",
          "dependencies": [
            "aws_iam_user.user"
          ]
        },
        {
          "index_key": "Team5",
          "schema_version": 0,
          "attributes": {
            "id": "User1:Team5",
            "name": "Team5",
            "name_prefix": null,
            "policy": "{\"Statement\":[{\"Action\":[\"ec2:Describe*\"],\"Effect\":\"Allow\",\"Resource\":\"*\"}],\"Version\":\"2012-10-17\"}",
            "user": "User1"
          },
          "sensitive_attributes": [],
          "private": "bnVsbA==",
          "dependencies": [
            "aws_iam_user.user"
          ]
        },
        {
          "index_key": "Team6",
          "schema_version": 0,
          "attributes": {
            "id": "User4:Team6",
            "name": "Team6",
            "name_prefix": null,
            "policy": "{\"Statement\":[{\"Action\":[\"ec2:Describe*\"],\"Effect\":\"Allow\",\"Resource\":\"*\"}],\"Version\":\"2012-10-17\"}",
            "user": "User4"
          },
          "sensitive_attributes": [],
          "private": "bnVsbA==",
          "dependencies": [
            "aws_iam_user.user"
          ]
        }
      ]
    }
  ]
}
